
Microsoft Visual Studio Solution File, Format Version 12.00
# Visual Studio 15
VisualStudioVersion = 15.0.27428.2015
MinimumVisualStudioVersion = 10.0.40219.1
Project("{8BC9CEB8-8B4A-11D0-8D11-00A0C91BC942}") = "Project1", "Project1.vcxproj", "{CE088A41-5DF2-40AD-A607-7C50CA96D00F}"
EndProject
Global
	GlobalSection(SolutionConfigurationPlatforms) = preSolution
		Debug|x64 = Debug|x64
		Debug|x86 = Debug|x86
		Release|x64 = Release|x64
		Release|x86 = Release|x86
	EndGlobalSection
	GlobalSection(ProjectConfigurationPlatforms) = postSolution
		{CE088A41-5DF2-40AD-A607-7C50CA96D00F}.Debug|x64.ActiveCfg = Debug|x64
		{CE088A41-5DF2-40AD-A607-7C50CA96D00F}.Debug|x64.Build.0 = Debug|x64
		{CE088A41-5DF2-40AD-A607-7C50CA96D00F}.Debug|x86.ActiveCfg = Debug|Win32
		{CE088A41-5DF2-40AD-A607-7C50CA96D00F}.Debug|x86.Build.0 = Debug|Win32
		{CE088A41-5DF2-40AD-A607-7C50CA96D00F}.Release|x64.ActiveCfg = Release|x64
		{CE088A41-5DF2-40AD-A607-7C50CA96D00F}.Release|x64.Build.0 = Release|x64
		{CE088A41-5DF2-40AD-A607-7C50CA96D00F}.Release|x86.ActiveCfg = Release|Win32
		{CE088A41-5DF2-40AD-A607-7C50CA96D00F}.Release|x86.Build.0 = Release|Win32
	EndGlobalSection
	GlobalSection(SolutionProperties) = preSolution
		HideSolutionNode = FALSE
	EndGlobalSection
	GlobalSection(ExtensibilityGlobals) = postSolution
		SolutionGuid = {CEE9C5B5-037E-4FDA-83C7-99C5D3B98BC5}
	EndGlobalSection
EndGlobal
